
Microsoft Visual Studio Solution File, Format Version 12.00
# Visual Studio Version 17
VisualStudioVersion = 17.7.34221.43
MinimumVisualStudioVersion = 10.0.40219.1
Project("{FAE04EC0-301F-11D3-BF4B-00C04F79EFBC}") = "sysprog-03.02", "sysprog-03.02\sysprog-03.02.csproj", "{F63235F7-DE37-4484-8845-E08597FE74BC}"
EndProject
Global
	GlobalSection(SolutionConfigurationPlatforms) = preSolution
		Debug|Any CPU = Debug|Any CPU
		Release|Any CPU = Release|Any CPU
	EndGlobalSection
	GlobalSection(ProjectConfigurationPlatforms) = postSolution
		{F63235F7-DE37-4484-8845-E08597FE74BC}.Debug|Any CPU.ActiveCfg = Debug|Any CPU
		{F63235F7-DE37-4484-8845-E08597FE74BC}.Debug|Any CPU.Build.0 = Debug|Any CPU
		{F63235F7-DE37-4484-8845-E08597FE74BC}.Release|Any CPU.ActiveCfg = Release|Any CPU
		{F63235F7-DE37-4484-8845-E08597FE74BC}.Release|Any CPU.Build.0 = Release|Any CPU
	EndGlobalSection
	GlobalSection(SolutionProperties) = preSolution
		HideSolutionNode = FALSE
	EndGlobalSection
	GlobalSection(ExtensibilityGlobals) = postSolution
		SolutionGuid = {80F0EC8D-F316-4DE5-BAAE-1738B0ED0377}
	EndGlobalSection
EndGlobal
